// !$*UTF8*$!
{
	archiveVersion = 1;
	classes = {
	};
	objectVersion = 46;
	objects = {

/* Begin PBXAggregateTarget section */
		"CommandLine::CommandLine::ProductTarget" /* CommandLine */ = {
			isa = PBXAggregateTarget;
			buildConfigurationList = OBJ_46 /* Build configuration list for PBXAggregateTarget "CommandLine" */;
			buildPhases = (
			);
			dependencies = (
				OBJ_49 /* PBXTargetDependency */,
			);
			name = CommandLine;
			productName = CommandLine;
		};
/* End PBXAggregateTarget section */

/* Begin PBXBuildFile section */
		OBJ_101 /* Package.swift in Sources */ = {isa = PBXBuildFile; fileRef = OBJ_6 /* Package.swift */; };
		OBJ_106 /* PathKit.swift in Sources */ = {isa = PBXBuildFile; fileRef = OBJ_19 /* PathKit.swift */; };
		OBJ_113 /* Package.swift in Sources */ = {isa = PBXBuildFile; fileRef = OBJ_18 /* Package.swift */; };
		OBJ_118 /* BackgroundColor.swift in Sources */ = {isa = PBXBuildFile; fileRef = OBJ_28 /* BackgroundColor.swift */; };
		OBJ_119 /* CodesParser.swift in Sources */ = {isa = PBXBuildFile; fileRef = OBJ_29 /* CodesParser.swift */; };
		OBJ_120 /* Color.swift in Sources */ = {isa = PBXBuildFile; fileRef = OBJ_30 /* Color.swift */; };
		OBJ_121 /* ControlCode.swift in Sources */ = {isa = PBXBuildFile; fileRef = OBJ_31 /* ControlCode.swift */; };
		OBJ_122 /* ModesExtractor.swift in Sources */ = {isa = PBXBuildFile; fileRef = OBJ_32 /* ModesExtractor.swift */; };
		OBJ_123 /* OutputTarget.swift in Sources */ = {isa = PBXBuildFile; fileRef = OBJ_33 /* OutputTarget.swift */; };
		OBJ_124 /* Rainbow.swift in Sources */ = {isa = PBXBuildFile; fileRef = OBJ_34 /* Rainbow.swift */; };
		OBJ_125 /* String+Rainbow.swift in Sources */ = {isa = PBXBuildFile; fileRef = OBJ_35 /* String+Rainbow.swift */; };
		OBJ_126 /* StringGenerator.swift in Sources */ = {isa = PBXBuildFile; fileRef = OBJ_36 /* StringGenerator.swift */; };
		OBJ_127 /* Style.swift in Sources */ = {isa = PBXBuildFile; fileRef = OBJ_37 /* Style.swift */; };
		OBJ_128 /* XcodeColorsSupport.swift in Sources */ = {isa = PBXBuildFile; fileRef = OBJ_38 /* XcodeColorsSupport.swift */; };
		OBJ_135 /* Package.swift in Sources */ = {isa = PBXBuildFile; fileRef = OBJ_27 /* Package.swift */; };
		OBJ_55 /* CommandLine.swift in Sources */ = {isa = PBXBuildFile; fileRef = OBJ_22 /* CommandLine.swift */; };
		OBJ_56 /* Option.swift in Sources */ = {isa = PBXBuildFile; fileRef = OBJ_23 /* Option.swift */; };
		OBJ_57 /* StringExtensions.swift in Sources */ = {isa = PBXBuildFile; fileRef = OBJ_24 /* StringExtensions.swift */; };
		OBJ_64 /* Package.swift in Sources */ = {isa = PBXBuildFile; fileRef = OBJ_25 /* Package.swift */; };
		OBJ_70 /* main.swift in Sources */ = {isa = PBXBuildFile; fileRef = OBJ_9 /* main.swift */; };
		OBJ_72 /* CommandLineKit.framework in Frameworks */ = {isa = PBXBuildFile; fileRef = "CommandLine::CommandLineKit::Product" /* CommandLineKit.framework */; };
		OBJ_73 /* FindBeeKit.framework in Frameworks */ = {isa = PBXBuildFile; fileRef = "FindBee::FindBeeKit::Product" /* FindBeeKit.framework */; };
		OBJ_74 /* PathKit.framework in Frameworks */ = {isa = PBXBuildFile; fileRef = "PathKit::PathKit::Product" /* PathKit.framework */; };
		OBJ_75 /* Rainbow.framework in Frameworks */ = {isa = PBXBuildFile; fileRef = "Rainbow::Rainbow::Product" /* Rainbow.framework */; };
		OBJ_87 /* ExtensionFindProcess.swift in Sources */ = {isa = PBXBuildFile; fileRef = OBJ_11 /* ExtensionFindProcess.swift */; };
		OBJ_88 /* Extensions.swift in Sources */ = {isa = PBXBuildFile; fileRef = OBJ_12 /* Extensions.swift */; };
		OBJ_89 /* FileSearchRule.swift in Sources */ = {isa = PBXBuildFile; fileRef = OBJ_13 /* FileSearchRule.swift */; };
		OBJ_90 /* FindBee.swift in Sources */ = {isa = PBXBuildFile; fileRef = OBJ_14 /* FindBee.swift */; };
		OBJ_92 /* PathKit.framework in Frameworks */ = {isa = PBXBuildFile; fileRef = "PathKit::PathKit::Product" /* PathKit.framework */; };
		OBJ_93 /* Rainbow.framework in Frameworks */ = {isa = PBXBuildFile; fileRef = "Rainbow::Rainbow::Product" /* Rainbow.framework */; };
/* End PBXBuildFile section */

/* Begin PBXContainerItemProxy section */
		353C71F9207EFD8C0082D683 /* PBXContainerItemProxy */ = {
			isa = PBXContainerItemProxy;
			containerPortal = OBJ_1 /* Project object */;
			proxyType = 1;
			remoteGlobalIDString = "CommandLine::CommandLineKit";
			remoteInfo = CommandLineKit;
		};
		353C71FA207EFD8C0082D683 /* PBXContainerItemProxy */ = {
			isa = PBXContainerItemProxy;
			containerPortal = OBJ_1 /* Project object */;
			proxyType = 1;
			remoteGlobalIDString = "FindBee::FindBeeKit";
			remoteInfo = FindBeeKit;
		};
		353C71FB207EFD8C0082D683 /* PBXContainerItemProxy */ = {
			isa = PBXContainerItemProxy;
			containerPortal = OBJ_1 /* Project object */;
			proxyType = 1;
			remoteGlobalIDString = "PathKit::PathKit";
			remoteInfo = PathKit;
		};
		353C71FC207EFD8C0082D683 /* PBXContainerItemProxy */ = {
			isa = PBXContainerItemProxy;
			containerPortal = OBJ_1 /* Project object */;
			proxyType = 1;
			remoteGlobalIDString = "Rainbow::Rainbow";
			remoteInfo = Rainbow;
		};
		353C71FD207EFD8C0082D683 /* PBXContainerItemProxy */ = {
			isa = PBXContainerItemProxy;
			containerPortal = OBJ_1 /* Project object */;
			proxyType = 1;
			remoteGlobalIDString = "PathKit::PathKit";
			remoteInfo = PathKit;
		};
		353C71FE207EFD8C0082D683 /* PBXContainerItemProxy */ = {
			isa = PBXContainerItemProxy;
			containerPortal = OBJ_1 /* Project object */;
			proxyType = 1;
			remoteGlobalIDString = "Rainbow::Rainbow";
			remoteInfo = Rainbow;
		};
		353C71FF207EFD8D0082D683 /* PBXContainerItemProxy */ = {
			isa = PBXContainerItemProxy;
			containerPortal = OBJ_1 /* Project object */;
			proxyType = 1;
			remoteGlobalIDString = "CommandLine::CommandLineKit";
			remoteInfo = CommandLineKit;
		};
/* End PBXContainerItemProxy section */

/* Begin PBXFileReference section */
		"CommandLine::CommandLineKit::Product" /* CommandLineKit.framework */ = {isa = PBXFileReference; explicitFileType = wrapper.framework; path = CommandLineKit.framework; sourceTree = BUILT_PRODUCTS_DIR; };
		"FindBee::FindBee::Product" /* FindBee */ = {isa = PBXFileReference; lastKnownFileType = text; path = FindBee; sourceTree = BUILT_PRODUCTS_DIR; };
		"FindBee::FindBeeKit::Product" /* FindBeeKit.framework */ = {isa = PBXFileReference; explicitFileType = wrapper.framework; path = FindBeeKit.framework; sourceTree = BUILT_PRODUCTS_DIR; };
		OBJ_11 /* ExtensionFindProcess.swift */ = {isa = PBXFileReference; lastKnownFileType = sourcecode.swift; path = ExtensionFindProcess.swift; sourceTree = "<group>"; };
		OBJ_12 /* Extensions.swift */ = {isa = PBXFileReference; lastKnownFileType = sourcecode.swift; path = Extensions.swift; sourceTree = "<group>"; };
		OBJ_13 /* FileSearchRule.swift */ = {isa = PBXFileReference; lastKnownFileType = sourcecode.swift; path = FileSearchRule.swift; sourceTree = "<group>"; };
		OBJ_14 /* FindBee.swift */ = {isa = PBXFileReference; lastKnownFileType = sourcecode.swift; path = FindBee.swift; sourceTree = "<group>"; };
		OBJ_18 /* Package.swift */ = {isa = PBXFileReference; explicitFileType = sourcecode.swift; name = Package.swift; path = "/Users/anran/Desktop/anran/FindBee/.build/checkouts/PathKit.git--1865447967743163058/Package.swift"; sourceTree = "<group>"; };
		OBJ_19 /* PathKit.swift */ = {isa = PBXFileReference; lastKnownFileType = sourcecode.swift; path = PathKit.swift; sourceTree = "<group>"; };
		OBJ_22 /* CommandLine.swift */ = {isa = PBXFileReference; lastKnownFileType = sourcecode.swift; path = CommandLine.swift; sourceTree = "<group>"; };
		OBJ_23 /* Option.swift */ = {isa = PBXFileReference; lastKnownFileType = sourcecode.swift; path = Option.swift; sourceTree = "<group>"; };
		OBJ_24 /* StringExtensions.swift */ = {isa = PBXFileReference; lastKnownFileType = sourcecode.swift; path = StringExtensions.swift; sourceTree = "<group>"; };
		OBJ_25 /* Package.swift */ = {isa = PBXFileReference; explicitFileType = sourcecode.swift; name = Package.swift; path = "/Users/anran/Desktop/anran/FindBee/.build/checkouts/CommandLine.git--2975222262383774978/Package.swift"; sourceTree = "<group>"; };
		OBJ_27 /* Package.swift */ = {isa = PBXFileReference; explicitFileType = sourcecode.swift; name = Package.swift; path = "/Users/anran/Desktop/anran/FindBee/.build/checkouts/Rainbow.git-2499542794955463186/Package.swift"; sourceTree = "<group>"; };
		OBJ_28 /* BackgroundColor.swift */ = {isa = PBXFileReference; lastKnownFileType = sourcecode.swift; path = BackgroundColor.swift; sourceTree = "<group>"; };
		OBJ_29 /* CodesParser.swift */ = {isa = PBXFileReference; lastKnownFileType = sourcecode.swift; path = CodesParser.swift; sourceTree = "<group>"; };
		OBJ_30 /* Color.swift */ = {isa = PBXFileReference; lastKnownFileType = sourcecode.swift; path = Color.swift; sourceTree = "<group>"; };
		OBJ_31 /* ControlCode.swift */ = {isa = PBXFileReference; lastKnownFileType = sourcecode.swift; path = ControlCode.swift; sourceTree = "<group>"; };
		OBJ_32 /* ModesExtractor.swift */ = {isa = PBXFileReference; lastKnownFileType = sourcecode.swift; path = ModesExtractor.swift; sourceTree = "<group>"; };
		OBJ_33 /* OutputTarget.swift */ = {isa = PBXFileReference; lastKnownFileType = sourcecode.swift; path = OutputTarget.swift; sourceTree = "<group>"; };
		OBJ_34 /* Rainbow.swift */ = {isa = PBXFileReference; lastKnownFileType = sourcecode.swift; path = Rainbow.swift; sourceTree = "<group>"; };
		OBJ_35 /* String+Rainbow.swift */ = {isa = PBXFileReference; lastKnownFileType = sourcecode.swift; path = "String+Rainbow.swift"; sourceTree = "<group>"; };
		OBJ_36 /* StringGenerator.swift */ = {isa = PBXFileReference; lastKnownFileType = sourcecode.swift; path = StringGenerator.swift; sourceTree = "<group>"; };
		OBJ_37 /* Style.swift */ = {isa = PBXFileReference; lastKnownFileType = sourcecode.swift; path = Style.swift; sourceTree = "<group>"; };
		OBJ_38 /* XcodeColorsSupport.swift */ = {isa = PBXFileReference; lastKnownFileType = sourcecode.swift; path = XcodeColorsSupport.swift; sourceTree = "<group>"; };
		OBJ_6 /* Package.swift */ = {isa = PBXFileReference; explicitFileType = sourcecode.swift; path = Package.swift; sourceTree = "<group>"; };
		OBJ_9 /* main.swift */ = {isa = PBXFileReference; lastKnownFileType = sourcecode.swift; path = main.swift; sourceTree = "<group>"; };
		"PathKit::PathKit::Product" /* PathKit.framework */ = {isa = PBXFileReference; explicitFileType = wrapper.framework; path = PathKit.framework; sourceTree = BUILT_PRODUCTS_DIR; };
		"Rainbow::Rainbow::Product" /* Rainbow.framework */ = {isa = PBXFileReference; explicitFileType = wrapper.framework; path = Rainbow.framework; sourceTree = BUILT_PRODUCTS_DIR; };
/* End PBXFileReference section */

/* Begin PBXFrameworksBuildPhase section */
		OBJ_107 /* Frameworks */ = {
			isa = PBXFrameworksBuildPhase;
			buildActionMask = 0;
			files = (
			);
			runOnlyForDeploymentPostprocessing = 0;
		};
		OBJ_129 /* Frameworks */ = {
			isa = PBXFrameworksBuildPhase;
			buildActionMask = 0;
			files = (
			);
			runOnlyForDeploymentPostprocessing = 0;
		};
		OBJ_58 /* Frameworks */ = {
			isa = PBXFrameworksBuildPhase;
			buildActionMask = 0;
			files = (
			);
			runOnlyForDeploymentPostprocessing = 0;
		};
		OBJ_71 /* Frameworks */ = {
			isa = PBXFrameworksBuildPhase;
			buildActionMask = 0;
			files = (
				OBJ_72 /* CommandLineKit.framework in Frameworks */,
				OBJ_73 /* FindBeeKit.framework in Frameworks */,
				OBJ_74 /* PathKit.framework in Frameworks */,
				OBJ_75 /* Rainbow.framework in Frameworks */,
			);
			runOnlyForDeploymentPostprocessing = 0;
		};
		OBJ_91 /* Frameworks */ = {
			isa = PBXFrameworksBuildPhase;
			buildActionMask = 0;
			files = (
				OBJ_92 /* PathKit.framework in Frameworks */,
				OBJ_93 /* Rainbow.framework in Frameworks */,
			);
			runOnlyForDeploymentPostprocessing = 0;
		};
/* End PBXFrameworksBuildPhase section */

/* Begin PBXGroup section */
		OBJ_10 /* FindBeeKit */ = {
			isa = PBXGroup;
			children = (
				OBJ_11 /* ExtensionFindProcess.swift */,
				OBJ_12 /* Extensions.swift */,
				OBJ_13 /* FileSearchRule.swift */,
				OBJ_14 /* FindBee.swift */,
			);
			name = FindBeeKit;
			path = Sources/FindBeeKit;
			sourceTree = SOURCE_ROOT;
		};
		OBJ_15 /* Tests */ = {
			isa = PBXGroup;
			children = (
			);
			name = Tests;
			sourceTree = SOURCE_ROOT;
		};
		OBJ_16 /* Dependencies */ = {
			isa = PBXGroup;
			children = (
				OBJ_17 /* PathKit 0.9.1 */,
				OBJ_20 /* CommandLine 3.0.0-pre1 */,
				OBJ_26 /* Rainbow 3.1.1 */,
			);
			name = Dependencies;
			sourceTree = "<group>";
		};
		OBJ_17 /* PathKit 0.9.1 */ = {
			isa = PBXGroup;
			children = (
				OBJ_18 /* Package.swift */,
				OBJ_19 /* PathKit.swift */,
			);
			name = "PathKit 0.9.1";
			path = ".build/checkouts/PathKit.git--1865447967743163058/Sources";
			sourceTree = SOURCE_ROOT;
		};
		OBJ_20 /* CommandLine 3.0.0-pre1 */ = {
			isa = PBXGroup;
			children = (
				OBJ_21 /* CommandLineKit */,
				OBJ_25 /* Package.swift */,
			);
			name = "CommandLine 3.0.0-pre1";
			sourceTree = SOURCE_ROOT;
		};
		OBJ_21 /* CommandLineKit */ = {
			isa = PBXGroup;
			children = (
				OBJ_22 /* CommandLine.swift */,
				OBJ_23 /* Option.swift */,
				OBJ_24 /* StringExtensions.swift */,
			);
			name = CommandLineKit;
			path = ".build/checkouts/CommandLine.git--2975222262383774978/CommandLineKit";
			sourceTree = SOURCE_ROOT;
		};
		OBJ_26 /* Rainbow 3.1.1 */ = {
			isa = PBXGroup;
			children = (
				OBJ_27 /* Package.swift */,
				OBJ_28 /* BackgroundColor.swift */,
				OBJ_29 /* CodesParser.swift */,
				OBJ_30 /* Color.swift */,
				OBJ_31 /* ControlCode.swift */,
				OBJ_32 /* ModesExtractor.swift */,
				OBJ_33 /* OutputTarget.swift */,
				OBJ_34 /* Rainbow.swift */,
				OBJ_35 /* String+Rainbow.swift */,
				OBJ_36 /* StringGenerator.swift */,
				OBJ_37 /* Style.swift */,
				OBJ_38 /* XcodeColorsSupport.swift */,
			);
			name = "Rainbow 3.1.1";
			path = ".build/checkouts/Rainbow.git-2499542794955463186/Sources";
			sourceTree = SOURCE_ROOT;
		};
		OBJ_39 /* Products */ = {
			isa = PBXGroup;
			children = (
				"CommandLine::CommandLineKit::Product" /* CommandLineKit.framework */,
				"PathKit::PathKit::Product" /* PathKit.framework */,
				"Rainbow::Rainbow::Product" /* Rainbow.framework */,
				"FindBee::FindBee::Product" /* FindBee */,
				"FindBee::FindBeeKit::Product" /* FindBeeKit.framework */,
			);
			name = Products;
			sourceTree = BUILT_PRODUCTS_DIR;
		};
		OBJ_5 /*  */ = {
			isa = PBXGroup;
			children = (
				OBJ_6 /* Package.swift */,
				OBJ_7 /* Sources */,
				OBJ_15 /* Tests */,
				OBJ_16 /* Dependencies */,
				OBJ_39 /* Products */,
			);
			name = "";
			sourceTree = "<group>";
		};
		OBJ_7 /* Sources */ = {
			isa = PBXGroup;
			children = (
				OBJ_8 /* FindBee */,
				OBJ_10 /* FindBeeKit */,
			);
			name = Sources;
			sourceTree = SOURCE_ROOT;
		};
		OBJ_8 /* FindBee */ = {
			isa = PBXGroup;
			children = (
				OBJ_9 /* main.swift */,
			);
			name = FindBee;
			path = Sources/FindBee;
			sourceTree = SOURCE_ROOT;
		};
/* End PBXGroup section */

/* Begin PBXNativeTarget section */
		"CommandLine::CommandLineKit" /* CommandLineKit */ = {
			isa = PBXNativeTarget;
			buildConfigurationList = OBJ_51 /* Build configuration list for PBXNativeTarget "CommandLineKit" */;
			buildPhases = (
				OBJ_54 /* Sources */,
				OBJ_58 /* Frameworks */,
			);
			buildRules = (
			);
			dependencies = (
			);
			name = CommandLineKit;
			productName = CommandLineKit;
			productReference = "CommandLine::CommandLineKit::Product" /* CommandLineKit.framework */;
			productType = "com.apple.product-type.framework";
		};
		"CommandLine::SwiftPMPackageDescription" /* CommandLinePackageDescription */ = {
			isa = PBXNativeTarget;
			buildConfigurationList = OBJ_60 /* Build configuration list for PBXNativeTarget "CommandLinePackageDescription" */;
			buildPhases = (
				OBJ_63 /* Sources */,
			);
			buildRules = (
			);
			dependencies = (
			);
			name = CommandLinePackageDescription;
			productName = CommandLinePackageDescription;
			productType = "com.apple.product-type.framework";
		};
		"FindBee::FindBee" /* FindBee */ = {
			isa = PBXNativeTarget;
			buildConfigurationList = OBJ_66 /* Build configuration list for PBXNativeTarget "FindBee" */;
			buildPhases = (
				OBJ_69 /* Sources */,
				OBJ_71 /* Frameworks */,
			);
			buildRules = (
			);
			dependencies = (
				OBJ_76 /* PBXTargetDependency */,
				OBJ_77 /* PBXTargetDependency */,
				OBJ_79 /* PBXTargetDependency */,
				OBJ_81 /* PBXTargetDependency */,
			);
			name = FindBee;
			productName = FindBee;
			productReference = "FindBee::FindBee::Product" /* FindBee */;
			productType = "com.apple.product-type.tool";
		};
		"FindBee::FindBeeKit" /* FindBeeKit */ = {
			isa = PBXNativeTarget;
			buildConfigurationList = OBJ_83 /* Build configuration list for PBXNativeTarget "FindBeeKit" */;
			buildPhases = (
				OBJ_86 /* Sources */,
				OBJ_91 /* Frameworks */,
			);
			buildRules = (
			);
			dependencies = (
				OBJ_94 /* PBXTargetDependency */,
				OBJ_95 /* PBXTargetDependency */,
			);
			name = FindBeeKit;
			productName = FindBeeKit;
			productReference = "FindBee::FindBeeKit::Product" /* FindBeeKit.framework */;
			productType = "com.apple.product-type.framework";
		};
		"FindBee::SwiftPMPackageDescription" /* FindBeePackageDescription */ = {
			isa = PBXNativeTarget;
			buildConfigurationList = OBJ_97 /* Build configuration list for PBXNativeTarget "FindBeePackageDescription" */;
			buildPhases = (
				OBJ_100 /* Sources */,
			);
			buildRules = (
			);
			dependencies = (
			);
			name = FindBeePackageDescription;
			productName = FindBeePackageDescription;
			productType = "com.apple.product-type.framework";
		};
		"PathKit::PathKit" /* PathKit */ = {
			isa = PBXNativeTarget;
			buildConfigurationList = OBJ_102 /* Build configuration list for PBXNativeTarget "PathKit" */;
			buildPhases = (
				OBJ_105 /* Sources */,
				OBJ_107 /* Frameworks */,
			);
			buildRules = (
			);
			dependencies = (
			);
			name = PathKit;
			productName = PathKit;
			productReference = "PathKit::PathKit::Product" /* PathKit.framework */;
			productType = "com.apple.product-type.framework";
		};
		"PathKit::SwiftPMPackageDescription" /* PathKitPackageDescription */ = {
			isa = PBXNativeTarget;
			buildConfigurationList = OBJ_109 /* Build configuration list for PBXNativeTarget "PathKitPackageDescription" */;
			buildPhases = (
				OBJ_112 /* Sources */,
			);
			buildRules = (
			);
			dependencies = (
			);
			name = PathKitPackageDescription;
			productName = PathKitPackageDescription;
			productType = "com.apple.product-type.framework";
		};
		"Rainbow::Rainbow" /* Rainbow */ = {
			isa = PBXNativeTarget;
			buildConfigurationList = OBJ_114 /* Build configuration list for PBXNativeTarget "Rainbow" */;
			buildPhases = (
				OBJ_117 /* Sources */,
				OBJ_129 /* Frameworks */,
			);
			buildRules = (
			);
			dependencies = (
			);
			name = Rainbow;
			productName = Rainbow;
			productReference = "Rainbow::Rainbow::Product" /* Rainbow.framework */;
			productType = "com.apple.product-type.framework";
		};
		"Rainbow::SwiftPMPackageDescription" /* RainbowPackageDescription */ = {
			isa = PBXNativeTarget;
			buildConfigurationList = OBJ_131 /* Build configuration list for PBXNativeTarget "RainbowPackageDescription" */;
			buildPhases = (
				OBJ_134 /* Sources */,
			);
			buildRules = (
			);
			dependencies = (
			);
			name = RainbowPackageDescription;
			productName = RainbowPackageDescription;
			productType = "com.apple.product-type.framework";
		};
/* End PBXNativeTarget section */

/* Begin PBXProject section */
		OBJ_1 /* Project object */ = {
			isa = PBXProject;
			attributes = {
				LastUpgradeCheck = 9999;
			};
			buildConfigurationList = OBJ_2 /* Build configuration list for PBXProject "FindBee" */;
			compatibilityVersion = "Xcode 3.2";
			developmentRegion = English;
			hasScannedForEncodings = 0;
			knownRegions = (
				en,
			);
			mainGroup = OBJ_5 /*  */;
			productRefGroup = OBJ_39 /* Products */;
			projectDirPath = "";
			projectRoot = "";
			targets = (
				"CommandLine::CommandLine::ProductTarget" /* CommandLine */,
				"CommandLine::CommandLineKit" /* CommandLineKit */,
				"CommandLine::SwiftPMPackageDescription" /* CommandLinePackageDescription */,
				"FindBee::FindBee" /* FindBee */,
				"FindBee::FindBeeKit" /* FindBeeKit */,
				"FindBee::SwiftPMPackageDescription" /* FindBeePackageDescription */,
				"PathKit::PathKit" /* PathKit */,
				"PathKit::SwiftPMPackageDescription" /* PathKitPackageDescription */,
				"Rainbow::Rainbow" /* Rainbow */,
				"Rainbow::SwiftPMPackageDescription" /* RainbowPackageDescription */,
			);
		};
/* End PBXProject section */

/* Begin PBXSourcesBuildPhase section */
		OBJ_100 /* Sources */ = {
			isa = PBXSourcesBuildPhase;
			buildActionMask = 0;
			files = (
				OBJ_101 /* Package.swift in Sources */,
			);
			runOnlyForDeploymentPostprocessing = 0;
		};
		OBJ_105 /* Sources */ = {
			isa = PBXSourcesBuildPhase;
			buildActionMask = 0;
			files = (
				OBJ_106 /* PathKit.swift in Sources */,
			);
			runOnlyForDeploymentPostprocessing = 0;
		};
		OBJ_112 /* Sources */ = {
			isa = PBXSourcesBuildPhase;
			buildActionMask = 0;
			files = (
				OBJ_113 /* Package.swift in Sources */,
			);
			runOnlyForDeploymentPostprocessing = 0;
		};
		OBJ_117 /* Sources */ = {
			isa = PBXSourcesBuildPhase;
			buildActionMask = 0;
			files = (
				OBJ_118 /* BackgroundColor.swift in Sources */,
				OBJ_119 /* CodesParser.swift in Sources */,
				OBJ_120 /* Color.swift in Sources */,
				OBJ_121 /* ControlCode.swift in Sources */,
				OBJ_122 /* ModesExtractor.swift in Sources */,
				OBJ_123 /* OutputTarget.swift in Sources */,
				OBJ_124 /* Rainbow.swift in Sources */,
				OBJ_125 /* String+Rainbow.swift in Sources */,
				OBJ_126 /* StringGenerator.swift in Sources */,
				OBJ_127 /* Style.swift in Sources */,
				OBJ_128 /* XcodeColorsSupport.swift in Sources */,
			);
			runOnlyForDeploymentPostprocessing = 0;
		};
		OBJ_134 /* Sources */ = {
			isa = PBXSourcesBuildPhase;
			buildActionMask = 0;
			files = (
				OBJ_135 /* Package.swift in Sources */,
			);
			runOnlyForDeploymentPostprocessing = 0;
		};
		OBJ_54 /* Sources */ = {
			isa = PBXSourcesBuildPhase;
			buildActionMask = 0;
			files = (
				OBJ_55 /* CommandLine.swift in Sources */,
				OBJ_56 /* Option.swift in Sources */,
				OBJ_57 /* StringExtensions.swift in Sources */,
			);
			runOnlyForDeploymentPostprocessing = 0;
		};
		OBJ_63 /* Sources */ = {
			isa = PBXSourcesBuildPhase;
			buildActionMask = 0;
			files = (
				OBJ_64 /* Package.swift in Sources */,
			);
			runOnlyForDeploymentPostprocessing = 0;
		};
		OBJ_69 /* Sources */ = {
			isa = PBXSourcesBuildPhase;
			buildActionMask = 0;
			files = (
				OBJ_70 /* main.swift in Sources */,
			);
			runOnlyForDeploymentPostprocessing = 0;
		};
		OBJ_86 /* Sources */ = {
			isa = PBXSourcesBuildPhase;
			buildActionMask = 0;
			files = (
				OBJ_87 /* ExtensionFindProcess.swift in Sources */,
				OBJ_88 /* Extensions.swift in Sources */,
				OBJ_89 /* FileSearchRule.swift in Sources */,
				OBJ_90 /* FindBee.swift in Sources */,
			);
			runOnlyForDeploymentPostprocessing = 0;
		};
/* End PBXSourcesBuildPhase section */

/* Begin PBXTargetDependency section */
		OBJ_49 /* PBXTargetDependency */ = {
			isa = PBXTargetDependency;
			target = "CommandLine::CommandLineKit" /* CommandLineKit */;
			targetProxy = 353C71FF207EFD8D0082D683 /* PBXContainerItemProxy */;
		};
		OBJ_76 /* PBXTargetDependency */ = {
			isa = PBXTargetDependency;
			target = "CommandLine::CommandLineKit" /* CommandLineKit */;
			targetProxy = 353C71F9207EFD8C0082D683 /* PBXContainerItemProxy */;
		};
		OBJ_77 /* PBXTargetDependency */ = {
			isa = PBXTargetDependency;
			target = "FindBee::FindBeeKit" /* FindBeeKit */;
			targetProxy = 353C71FA207EFD8C0082D683 /* PBXContainerItemProxy */;
		};
		OBJ_79 /* PBXTargetDependency */ = {
			isa = PBXTargetDependency;
			target = "PathKit::PathKit" /* PathKit */;
			targetProxy = 353C71FD207EFD8C0082D683 /* PBXContainerItemProxy */;
		};
		OBJ_81 /* PBXTargetDependency */ = {
			isa = PBXTargetDependency;
			target = "Rainbow::Rainbow" /* Rainbow */;
			targetProxy = 353C71FE207EFD8C0082D683 /* PBXContainerItemProxy */;
		};
		OBJ_94 /* PBXTargetDependency */ = {
			isa = PBXTargetDependency;
			target = "PathKit::PathKit" /* PathKit */;
			targetProxy = 353C71FB207EFD8C0082D683 /* PBXContainerItemProxy */;
		};
		OBJ_95 /* PBXTargetDependency */ = {
			isa = PBXTargetDependency;
			target = "Rainbow::Rainbow" /* Rainbow */;
			targetProxy = 353C71FC207EFD8C0082D683 /* PBXContainerItemProxy */;
		};
/* End PBXTargetDependency section */

/* Begin XCBuildConfiguration section */
		OBJ_103 /* Debug */ = {
			isa = XCBuildConfiguration;
			buildSettings = {
				ENABLE_TESTABILITY = YES;
				FRAMEWORK_SEARCH_PATHS = (
					"$(inherited)",
					"$(PLATFORM_DIR)/Developer/Library/Frameworks",
				);
				HEADER_SEARCH_PATHS = "$(inherited)";
				INFOPLIST_FILE = FindBee.xcodeproj/PathKit_Info.plist;
				LD_RUNPATH_SEARCH_PATHS = "$(inherited) $(TOOLCHAIN_DIR)/usr/lib/swift/macosx";
				OTHER_CFLAGS = "$(inherited)";
				OTHER_LDFLAGS = "$(inherited)";
				OTHER_SWIFT_FLAGS = "$(inherited)";
				PRODUCT_BUNDLE_IDENTIFIER = PathKit;
				PRODUCT_MODULE_NAME = "$(TARGET_NAME:c99extidentifier)";
				PRODUCT_NAME = "$(TARGET_NAME:c99extidentifier)";
				SKIP_INSTALL = YES;
				SWIFT_VERSION = 4.0;
				TARGET_NAME = PathKit;
			};
			name = Debug;
		};
		OBJ_104 /* Release */ = {
			isa = XCBuildConfiguration;
			buildSettings = {
				ENABLE_TESTABILITY = YES;
				FRAMEWORK_SEARCH_PATHS = (
					"$(inherited)",
					"$(PLATFORM_DIR)/Developer/Library/Frameworks",
				);
				HEADER_SEARCH_PATHS = "$(inherited)";
				INFOPLIST_FILE = FindBee.xcodeproj/PathKit_Info.plist;
				LD_RUNPATH_SEARCH_PATHS = "$(inherited) $(TOOLCHAIN_DIR)/usr/lib/swift/macosx";
				OTHER_CFLAGS = "$(inherited)";
				OTHER_LDFLAGS = "$(inherited)";
				OTHER_SWIFT_FLAGS = "$(inherited)";
				PRODUCT_BUNDLE_IDENTIFIER = PathKit;
				PRODUCT_MODULE_NAME = "$(TARGET_NAME:c99extidentifier)";
				PRODUCT_NAME = "$(TARGET_NAME:c99extidentifier)";
				SKIP_INSTALL = YES;
				SWIFT_VERSION = 4.0;
				TARGET_NAME = PathKit;
			};
			name = Release;
		};
		OBJ_110 /* Debug */ = {
			isa = XCBuildConfiguration;
			buildSettings = {
				LD = /usr/bin/true;
				OTHER_SWIFT_FLAGS = "-swift-version 4 -I $(TOOLCHAIN_DIR)/usr/lib/swift/pm/4 -target x86_64-apple-macosx10.10 -sdk /Applications/Xcode.app/Contents/Developer/Platforms/MacOSX.platform/Developer/SDKs/MacOSX10.13.sdk";
				SWIFT_VERSION = 4.0;
			};
			name = Debug;
		};
		OBJ_111 /* Release */ = {
			isa = XCBuildConfiguration;
			buildSettings = {
				LD = /usr/bin/true;
				OTHER_SWIFT_FLAGS = "-swift-version 4 -I $(TOOLCHAIN_DIR)/usr/lib/swift/pm/4 -target x86_64-apple-macosx10.10 -sdk /Applications/Xcode.app/Contents/Developer/Platforms/MacOSX.platform/Developer/SDKs/MacOSX10.13.sdk";
				SWIFT_VERSION = 4.0;
			};
			name = Release;
		};
		OBJ_115 /* Debug */ = {
			isa = XCBuildConfiguration;
			buildSettings = {
				ENABLE_TESTABILITY = YES;
				FRAMEWORK_SEARCH_PATHS = (
					"$(inherited)",
					"$(PLATFORM_DIR)/Developer/Library/Frameworks",
				);
				HEADER_SEARCH_PATHS = "$(inherited)";
				INFOPLIST_FILE = FindBee.xcodeproj/Rainbow_Info.plist;
				LD_RUNPATH_SEARCH_PATHS = "$(inherited) $(TOOLCHAIN_DIR)/usr/lib/swift/macosx";
				OTHER_CFLAGS = "$(inherited)";
				OTHER_LDFLAGS = "$(inherited)";
				OTHER_SWIFT_FLAGS = "$(inherited)";
				PRODUCT_BUNDLE_IDENTIFIER = Rainbow;
				PRODUCT_MODULE_NAME = "$(TARGET_NAME:c99extidentifier)";
				PRODUCT_NAME = "$(TARGET_NAME:c99extidentifier)";
				SKIP_INSTALL = YES;
				SWIFT_VERSION = 4.0;
				TARGET_NAME = Rainbow;
			};
			name = Debug;
		};
		OBJ_116 /* Release */ = {
			isa = XCBuildConfiguration;
			buildSettings = {
				ENABLE_TESTABILITY = YES;
				FRAMEWORK_SEARCH_PATHS = (
					"$(inherited)",
					"$(PLATFORM_DIR)/Developer/Library/Frameworks",
				);
				HEADER_SEARCH_PATHS = "$(inherited)";
				INFOPLIST_FILE = FindBee.xcodeproj/Rainbow_Info.plist;
				LD_RUNPATH_SEARCH_PATHS = "$(inherited) $(TOOLCHAIN_DIR)/usr/lib/swift/macosx";
				OTHER_CFLAGS = "$(inherited)";
				OTHER_LDFLAGS = "$(inherited)";
				OTHER_SWIFT_FLAGS = "$(inherited)";
				PRODUCT_BUNDLE_IDENTIFIER = Rainbow;
				PRODUCT_MODULE_NAME = "$(TARGET_NAME:c99extidentifier)";
				PRODUCT_NAME = "$(TARGET_NAME:c99extidentifier)";
				SKIP_INSTALL = YES;
				SWIFT_VERSION = 4.0;
				TARGET_NAME = Rainbow;
			};
			name = Release;
		};
		OBJ_132 /* Debug */ = {
			isa = XCBuildConfiguration;
			buildSettings = {
				LD = /usr/bin/true;
				OTHER_SWIFT_FLAGS = "-swift-version 4 -I $(TOOLCHAIN_DIR)/usr/lib/swift/pm/4 -target x86_64-apple-macosx10.10 -sdk /Applications/Xcode.app/Contents/Developer/Platforms/MacOSX.platform/Developer/SDKs/MacOSX10.13.sdk";
				SWIFT_VERSION = 4.0;
			};
			name = Debug;
		};
		OBJ_133 /* Release */ = {
			isa = XCBuildConfiguration;
			buildSettings = {
				LD = /usr/bin/true;
				OTHER_SWIFT_FLAGS = "-swift-version 4 -I $(TOOLCHAIN_DIR)/usr/lib/swift/pm/4 -target x86_64-apple-macosx10.10 -sdk /Applications/Xcode.app/Contents/Developer/Platforms/MacOSX.platform/Developer/SDKs/MacOSX10.13.sdk";
				SWIFT_VERSION = 4.0;
			};
			name = Release;
		};
		OBJ_3 /* Debug */ = {
			isa = XCBuildConfiguration;
			buildSettings = {
				CLANG_ENABLE_OBJC_ARC = YES;
				COMBINE_HIDPI_IMAGES = YES;
				COPY_PHASE_STRIP = NO;
				DEBUG_INFORMATION_FORMAT = dwarf;
				DYLIB_INSTALL_NAME_BASE = "@rpath";
				ENABLE_NS_ASSERTIONS = YES;
				GCC_OPTIMIZATION_LEVEL = 0;
				MACOSX_DEPLOYMENT_TARGET = 10.10;
				ONLY_ACTIVE_ARCH = YES;
				OTHER_SWIFT_FLAGS = "-DXcode";
				PRODUCT_NAME = "$(TARGET_NAME)";
				SDKROOT = macosx;
				SUPPORTED_PLATFORMS = "macosx iphoneos iphonesimulator appletvos appletvsimulator watchos watchsimulator";
				SWIFT_ACTIVE_COMPILATION_CONDITIONS = SWIFT_PACKAGE;
				SWIFT_OPTIMIZATION_LEVEL = "-Onone";
				USE_HEADERMAP = NO;
			};
			name = Debug;
		};
		OBJ_4 /* Release */ = {
			isa = XCBuildConfiguration;
			buildSettings = {
				CLANG_ENABLE_OBJC_ARC = YES;
				COMBINE_HIDPI_IMAGES = YES;
				COPY_PHASE_STRIP = YES;
				DEBUG_INFORMATION_FORMAT = "dwarf-with-dsym";
				DYLIB_INSTALL_NAME_BASE = "@rpath";
				GCC_OPTIMIZATION_LEVEL = s;
				MACOSX_DEPLOYMENT_TARGET = 10.10;
				OTHER_SWIFT_FLAGS = "-DXcode";
				PRODUCT_NAME = "$(TARGET_NAME)";
				SDKROOT = macosx;
				SUPPORTED_PLATFORMS = "macosx iphoneos iphonesimulator appletvos appletvsimulator watchos watchsimulator";
				SWIFT_ACTIVE_COMPILATION_CONDITIONS = SWIFT_PACKAGE;
				SWIFT_OPTIMIZATION_LEVEL = "-Owholemodule";
				USE_HEADERMAP = NO;
			};
			name = Release;
		};
		OBJ_47 /* Debug */ = {
			isa = XCBuildConfiguration;
			buildSettings = {
			};
			name = Debug;
		};
		OBJ_48 /* Release */ = {
			isa = XCBuildConfiguration;
			buildSettings = {
			};
			name = Release;
		};
		OBJ_52 /* Debug */ = {
			isa = XCBuildConfiguration;
			buildSettings = {
				ENABLE_TESTABILITY = YES;
				FRAMEWORK_SEARCH_PATHS = (
					"$(inherited)",
					"$(PLATFORM_DIR)/Developer/Library/Frameworks",
				);
				HEADER_SEARCH_PATHS = "$(inherited)";
				INFOPLIST_FILE = FindBee.xcodeproj/CommandLineKit_Info.plist;
				LD_RUNPATH_SEARCH_PATHS = "$(inherited) $(TOOLCHAIN_DIR)/usr/lib/swift/macosx";
				OTHER_CFLAGS = "$(inherited)";
				OTHER_LDFLAGS = "$(inherited)";
				OTHER_SWIFT_FLAGS = "$(inherited)";
				PRODUCT_BUNDLE_IDENTIFIER = CommandLineKit;
				PRODUCT_MODULE_NAME = "$(TARGET_NAME:c99extidentifier)";
				PRODUCT_NAME = "$(TARGET_NAME:c99extidentifier)";
				SKIP_INSTALL = YES;
				SWIFT_VERSION = 3.0;
				TARGET_NAME = CommandLineKit;
			};
			name = Debug;
		};
		OBJ_53 /* Release */ = {
			isa = XCBuildConfiguration;
			buildSettings = {
				ENABLE_TESTABILITY = YES;
				FRAMEWORK_SEARCH_PATHS = (
					"$(inherited)",
					"$(PLATFORM_DIR)/Developer/Library/Frameworks",
				);
				HEADER_SEARCH_PATHS = "$(inherited)";
				INFOPLIST_FILE = FindBee.xcodeproj/CommandLineKit_Info.plist;
				LD_RUNPATH_SEARCH_PATHS = "$(inherited) $(TOOLCHAIN_DIR)/usr/lib/swift/macosx";
				OTHER_CFLAGS = "$(inherited)";
				OTHER_LDFLAGS = "$(inherited)";
				OTHER_SWIFT_FLAGS = "$(inherited)";
				PRODUCT_BUNDLE_IDENTIFIER = CommandLineKit;
				PRODUCT_MODULE_NAME = "$(TARGET_NAME:c99extidentifier)";
				PRODUCT_NAME = "$(TARGET_NAME:c99extidentifier)";
				SKIP_INSTALL = YES;
				SWIFT_VERSION = 3.0;
				TARGET_NAME = CommandLineKit;
			};
			name = Release;
		};
		OBJ_61 /* Debug */ = {
			isa = XCBuildConfiguration;
			buildSettings = {
				LD = /usr/bin/true;
				OTHER_SWIFT_FLAGS = "-swift-version 3 -I $(TOOLCHAIN_DIR)/usr/lib/swift/pm/3 -target x86_64-apple-macosx10.10 -sdk /Applications/Xcode.app/Contents/Developer/Platforms/MacOSX.platform/Developer/SDKs/MacOSX10.13.sdk";
				SWIFT_VERSION = 3.0;
			};
			name = Debug;
		};
		OBJ_62 /* Release */ = {
			isa = XCBuildConfiguration;
			buildSettings = {
				LD = /usr/bin/true;
				OTHER_SWIFT_FLAGS = "-swift-version 3 -I $(TOOLCHAIN_DIR)/usr/lib/swift/pm/3 -target x86_64-apple-macosx10.10 -sdk /Applications/Xcode.app/Contents/Developer/Platforms/MacOSX.platform/Developer/SDKs/MacOSX10.13.sdk";
				SWIFT_VERSION = 3.0;
			};
			name = Release;
		};
		OBJ_67 /* Debug */ = {
			isa = XCBuildConfiguration;
			buildSettings = {
				FRAMEWORK_SEARCH_PATHS = (
					"$(inherited)",
					"$(PLATFORM_DIR)/Developer/Library/Frameworks",
				);
				HEADER_SEARCH_PATHS = "$(inherited)";
				INFOPLIST_FILE = FindBee.xcodeproj/FindBee_Info.plist;
				LD_RUNPATH_SEARCH_PATHS = "$(inherited) $(TOOLCHAIN_DIR)/usr/lib/swift/macosx @executable_path";
				OTHER_CFLAGS = "$(inherited)";
				OTHER_LDFLAGS = "$(inherited)";
				OTHER_SWIFT_FLAGS = "$(inherited)";
				SWIFT_FORCE_DYNAMIC_LINK_STDLIB = YES;
				SWIFT_FORCE_STATIC_LINK_STDLIB = NO;
				SWIFT_VERSION = 4.0;
				TARGET_NAME = FindBee;
			};
			name = Debug;
		};
		OBJ_68 /* Release */ = {
			isa = XCBuildConfiguration;
			buildSettings = {
				FRAMEWORK_SEARCH_PATHS = (
					"$(inherited)",
					"$(PLATFORM_DIR)/Developer/Library/Frameworks",
				);
				HEADER_SEARCH_PATHS = "$(inherited)";
				INFOPLIST_FILE = FindBee.xcodeproj/FindBee_Info.plist;
				LD_RUNPATH_SEARCH_PATHS = "$(inherited) $(TOOLCHAIN_DIR)/usr/lib/swift/macosx @executable_path";
				OTHER_CFLAGS = "$(inherited)";
				OTHER_LDFLAGS = "$(inherited)";
				OTHER_SWIFT_FLAGS = "$(inherited)";
				SWIFT_FORCE_DYNAMIC_LINK_STDLIB = YES;
				SWIFT_FORCE_STATIC_LINK_STDLIB = NO;
				SWIFT_VERSION = 4.0;
				TARGET_NAME = FindBee;
			};
			name = Release;
		};
		OBJ_84 /* Debug */ = {
			isa = XCBuildConfiguration;
			buildSettings = {
				ENABLE_TESTABILITY = YES;
				FRAMEWORK_SEARCH_PATHS = (
					"$(inherited)",
					"$(PLATFORM_DIR)/Developer/Library/Frameworks",
				);
				HEADER_SEARCH_PATHS = "$(inherited)";
				INFOPLIST_FILE = FindBee.xcodeproj/FindBeeKit_Info.plist;
				LD_RUNPATH_SEARCH_PATHS = "$(inherited) $(TOOLCHAIN_DIR)/usr/lib/swift/macosx";
				OTHER_CFLAGS = "$(inherited)";
				OTHER_LDFLAGS = "$(inherited)";
				OTHER_SWIFT_FLAGS = "$(inherited)";
				PRODUCT_BUNDLE_IDENTIFIER = FindBeeKit;
				PRODUCT_MODULE_NAME = "$(TARGET_NAME:c99extidentifier)";
				PRODUCT_NAME = "$(TARGET_NAME:c99extidentifier)";
				SKIP_INSTALL = YES;
				SWIFT_VERSION = 4.0;
				TARGET_NAME = FindBeeKit;
			};
			name = Debug;
		};
		OBJ_85 /* Release */ = {
			isa = XCBuildConfiguration;
			buildSettings = {
				ENABLE_TESTABILITY = YES;
				FRAMEWORK_SEARCH_PATHS = (
					"$(inherited)",
					"$(PLATFORM_DIR)/Developer/Library/Frameworks",
				);
				HEADER_SEARCH_PATHS = "$(inherited)";
				INFOPLIST_FILE = FindBee.xcodeproj/FindBeeKit_Info.plist;
				LD_RUNPATH_SEARCH_PATHS = "$(inherited) $(TOOLCHAIN_DIR)/usr/lib/swift/macosx";
				OTHER_CFLAGS = "$(inherited)";
				OTHER_LDFLAGS = "$(inherited)";
				OTHER_SWIFT_FLAGS = "$(inherited)";
				PRODUCT_BUNDLE_IDENTIFIER = FindBeeKit;
				PRODUCT_MODULE_NAME = "$(TARGET_NAME:c99extidentifier)";
				PRODUCT_NAME = "$(TARGET_NAME:c99extidentifier)";
				SKIP_INSTALL = YES;
				SWIFT_VERSION = 4.0;
				TARGET_NAME = FindBeeKit;
			};
			name = Release;
		};
		OBJ_98 /* Debug */ = {
			isa = XCBuildConfiguration;
			buildSettings = {
				LD = /usr/bin/true;
				OTHER_SWIFT_FLAGS = "-swift-version 4 -I $(TOOLCHAIN_DIR)/usr/lib/swift/pm/4 -target x86_64-apple-macosx10.10 -sdk /Applications/Xcode.app/Contents/Developer/Platforms/MacOSX.platform/Developer/SDKs/MacOSX10.13.sdk";
				SWIFT_VERSION = 4.0;
			};
			name = Debug;
		};
		OBJ_99 /* Release */ = {
			isa = XCBuildConfiguration;
			buildSettings = {
				LD = /usr/bin/true;
				OTHER_SWIFT_FLAGS = "-swift-version 4 -I $(TOOLCHAIN_DIR)/usr/lib/swift/pm/4 -target x86_64-apple-macosx10.10 -sdk /Applications/Xcode.app/Contents/Developer/Platforms/MacOSX.platform/Developer/SDKs/MacOSX10.13.sdk";
				SWIFT_VERSION = 4.0;
			};
			name = Release;
		};
/* End XCBuildConfiguration section */

/* Begin XCConfigurationList section */
		OBJ_102 /* Build configuration list for PBXNativeTarget "PathKit" */ = {
			isa = XCConfigurationList;
			buildConfigurations = (
				OBJ_103 /* Debug */,
				OBJ_104 /* Release */,
			);
			defaultConfigurationIsVisible = 0;
			defaultConfigurationName = Release;
		};
		OBJ_109 /* Build configuration list for PBXNativeTarget "PathKitPackageDescription" */ = {
			isa = XCConfigurationList;
			buildConfigurations = (
				OBJ_110 /* Debug */,
				OBJ_111 /* Release */,
			);
			defaultConfigurationIsVisible = 0;
			defaultConfigurationName = Release;
		};
		OBJ_114 /* Build configuration list for PBXNativeTarget "Rainbow" */ = {
			isa = XCConfigurationList;
			buildConfigurations = (
				OBJ_115 /* Debug */,
				OBJ_116 /* Release */,
			);
			defaultConfigurationIsVisible = 0;
			defaultConfigurationName = Release;
		};
		OBJ_131 /* Build configuration list for PBXNativeTarget "RainbowPackageDescription" */ = {
			isa = XCConfigurationList;
			buildConfigurations = (
				OBJ_132 /* Debug */,
				OBJ_133 /* Release */,
			);
			defaultConfigurationIsVisible = 0;
			defaultConfigurationName = Release;
		};
		OBJ_2 /* Build configuration list for PBXProject "FindBee" */ = {
			isa = XCConfigurationList;
			buildConfigurations = (
				OBJ_3 /* Debug */,
				OBJ_4 /* Release */,
			);
			defaultConfigurationIsVisible = 0;
			defaultConfigurationName = Release;
		};
		OBJ_46 /* Build configuration list for PBXAggregateTarget "CommandLine" */ = {
			isa = XCConfigurationList;
			buildConfigurations = (
				OBJ_47 /* Debug */,
				OBJ_48 /* Release */,
			);
			defaultConfigurationIsVisible = 0;
			defaultConfigurationName = Release;
		};
		OBJ_51 /* Build configuration list for PBXNativeTarget "CommandLineKit" */ = {
			isa = XCConfigurationList;
			buildConfigurations = (
				OBJ_52 /* Debug */,
				OBJ_53 /* Release */,
			);
			defaultConfigurationIsVisible = 0;
			defaultConfigurationName = Release;
		};
		OBJ_60 /* Build configuration list for PBXNativeTarget "CommandLinePackageDescription" */ = {
			isa = XCConfigurationList;
			buildConfigurations = (
				OBJ_61 /* Debug */,
				OBJ_62 /* Release */,
			);
			defaultConfigurationIsVisible = 0;
			defaultConfigurationName = Release;
		};
		OBJ_66 /* Build configuration list for PBXNativeTarget "FindBee" */ = {
			isa = XCConfigurationList;
			buildConfigurations = (
				OBJ_67 /* Debug */,
				OBJ_68 /* Release */,
			);
			defaultConfigurationIsVisible = 0;
			defaultConfigurationName = Release;
		};
		OBJ_83 /* Build configuration list for PBXNativeTarget "FindBeeKit" */ = {
			isa = XCConfigurationList;
			buildConfigurations = (
				OBJ_84 /* Debug */,
				OBJ_85 /* Release */,
			);
			defaultConfigurationIsVisible = 0;
			defaultConfigurationName = Release;
		};
		OBJ_97 /* Build configuration list for PBXNativeTarget "FindBeePackageDescription" */ = {
			isa = XCConfigurationList;
			buildConfigurations = (
				OBJ_98 /* Debug */,
				OBJ_99 /* Release */,
			);
			defaultConfigurationIsVisible = 0;
			defaultConfigurationName = Release;
		};
/* End XCConfigurationList section */
	};
	rootObject = OBJ_1 /* Project object */;
}
